
Microsoft Visual Studio Solution File, Format Version 12.00
# Visual Studio 15
VisualStudioVersion = 15.0.27130.2027
MinimumVisualStudioVersion = 10.0.40219.1
Project("{FAE04EC0-301F-11D3-BF4B-00C04F79EFBC}") = "fopcs-additional-exercises", "fopcs-additional-exercises\fopcs-additional-exercises.csproj", "{CA995A01-3955-467C-AD2E-E68FB9B7EF73}"
EndProject
Global
	GlobalSection(SolutionConfigurationPlatforms) = preSolution
		Debug|Any CPU = Debug|Any CPU
		Release|Any CPU = Release|Any CPU
	EndGlobalSection
	GlobalSection(ProjectConfigurationPlatforms) = postSolution
		{CA995A01-3955-467C-AD2E-E68FB9B7EF73}.Debug|Any CPU.ActiveCfg = Debug|Any CPU
		{CA995A01-3955-467C-AD2E-E68FB9B7EF73}.Debug|Any CPU.Build.0 = Debug|Any CPU
		{CA995A01-3955-467C-AD2E-E68FB9B7EF73}.Release|Any CPU.ActiveCfg = Release|Any CPU
		{CA995A01-3955-467C-AD2E-E68FB9B7EF73}.Release|Any CPU.Build.0 = Release|Any CPU
	EndGlobalSection
	GlobalSection(SolutionProperties) = preSolution
		HideSolutionNode = FALSE
	EndGlobalSection
	GlobalSection(ExtensibilityGlobals) = postSolution
		SolutionGuid = {228B3510-B84C-41C7-8BC5-A1A01D8002FD}
	EndGlobalSection
EndGlobal
